// !$*UTF8*$!
{
	archiveVersion = 1;
	classes = {
	};
	objectVersion = 50;
	objects = {

/* Begin PBXBuildFile section */
		263639D9BEB4893BEBEF6A8E /* Pods_ClimaApp.framework in Frameworks */ = {isa = PBXBuildFile; fileRef = C3110F3BB718464C83FB1B2F /* Pods_ClimaApp.framework */; };
		5E09207C21BAC1120081CA3C /* ForecastTableViewController.swift in Sources */ = {isa = PBXBuildFile; fileRef = 5E09207B21BAC1120081CA3C /* ForecastTableViewController.swift */; };
		5E09207E21BAC3B00081CA3C /* ForecastTableViewCell.swift in Sources */ = {isa = PBXBuildFile; fileRef = 5E09207D21BAC3B00081CA3C /* ForecastTableViewCell.swift */; };
		5E09208021BB0F320081CA3C /* CitiesMapViewController.swift in Sources */ = {isa = PBXBuildFile; fileRef = 5E09207F21BB0F320081CA3C /* CitiesMapViewController.swift */; };
		5E09208321BB20A10081CA3C /* MapPin.swift in Sources */ = {isa = PBXBuildFile; fileRef = 5E09208221BB20A10081CA3C /* MapPin.swift */; };
		5EF544FB21B979F300F73A9F /* AppDelegate.swift in Sources */ = {isa = PBXBuildFile; fileRef = 5EF544FA21B979F300F73A9F /* AppDelegate.swift */; };
		5EF544FD21B979F300F73A9F /* CitiesSearchViewController.swift in Sources */ = {isa = PBXBuildFile; fileRef = 5EF544FC21B979F300F73A9F /* CitiesSearchViewController.swift */; };
		5EF5450021B979F300F73A9F /* Main.storyboard in Resources */ = {isa = PBXBuildFile; fileRef = 5EF544FE21B979F300F73A9F /* Main.storyboard */; };
		5EF5450221B979F500F73A9F /* Assets.xcassets in Resources */ = {isa = PBXBuildFile; fileRef = 5EF5450121B979F500F73A9F /* Assets.xcassets */; };
		5EF5450521B979F500F73A9F /* LaunchScreen.storyboard in Resources */ = {isa = PBXBuildFile; fileRef = 5EF5450321B979F500F73A9F /* LaunchScreen.storyboard */; };
		5EF5451021B979F500F73A9F /* ClimaAppTests.swift in Sources */ = {isa = PBXBuildFile; fileRef = 5EF5450F21B979F500F73A9F /* ClimaAppTests.swift */; };
		5EF5451E21B9888700F73A9F /* CitiesTableViewController.swift in Sources */ = {isa = PBXBuildFile; fileRef = 5EF5451D21B9888700F73A9F /* CitiesTableViewController.swift */; };
		5EF5452021B9890E00F73A9F /* CityTableViewCell.swift in Sources */ = {isa = PBXBuildFile; fileRef = 5EF5451F21B9890E00F73A9F /* CityTableViewCell.swift */; };
		5EF5452421B9AEAB00F73A9F /* ApiRequestExecuter.swift in Sources */ = {isa = PBXBuildFile; fileRef = 5EF5452321B9AEAB00F73A9F /* ApiRequestExecuter.swift */; };
		5EF5452A21B9B28C00F73A9F /* CountriesSearchQueryBuilder.swift in Sources */ = {isa = PBXBuildFile; fileRef = 5EF5452921B9B28C00F73A9F /* CountriesSearchQueryBuilder.swift */; };
		5EF5452C21B9B2A500F73A9F /* QueryBuilder.swift in Sources */ = {isa = PBXBuildFile; fileRef = 5EF5452B21B9B2A500F73A9F /* QueryBuilder.swift */; };
		5EF5452E21B9B48300F73A9F /* CountriesProvider.swift in Sources */ = {isa = PBXBuildFile; fileRef = 5EF5452D21B9B48300F73A9F /* CountriesProvider.swift */; };
		5EF5453121B9B4D000F73A9F /* Country.swift in Sources */ = {isa = PBXBuildFile; fileRef = 5EF5453021B9B4D000F73A9F /* Country.swift */; };
		5EF5453321B9B7B100F73A9F /* URLConverter.swift in Sources */ = {isa = PBXBuildFile; fileRef = 5EF5453221B9B7B100F73A9F /* URLConverter.swift */; };
		5EF5453521B9B90100F73A9F /* CountriesSearchResultParser.swift in Sources */ = {isa = PBXBuildFile; fileRef = 5EF5453421B9B90100F73A9F /* CountriesSearchResultParser.swift */; };
		5EF5453721BA5F9100F73A9F /* ForecastProvider.swift in Sources */ = {isa = PBXBuildFile; fileRef = 5EF5453621BA5F9100F73A9F /* ForecastProvider.swift */; };
		5EF5453921BA5FC100F73A9F /* ForecastRequestQueryBuilder.swift in Sources */ = {isa = PBXBuildFile; fileRef = 5EF5453821BA5FC100F73A9F /* ForecastRequestQueryBuilder.swift */; };
		5EF5453B21BA6A9A00F73A9F /* TemperatureUnits.swift in Sources */ = {isa = PBXBuildFile; fileRef = 5EF5453A21BA6A9A00F73A9F /* TemperatureUnits.swift */; };
		5EF5453F21BA6C1800F73A9F /* Temperature.swift in Sources */ = {isa = PBXBuildFile; fileRef = 5EF5453E21BA6C1800F73A9F /* Temperature.swift */; };
		5EF5454121BA6CA600F73A9F /* Forecast.swift in Sources */ = {isa = PBXBuildFile; fileRef = 5EF5454021BA6CA600F73A9F /* Forecast.swift */; };
		5EF5454321BA6CF100F73A9F /* PrecipitationUnits.swift in Sources */ = {isa = PBXBuildFile; fileRef = 5EF5454221BA6CF100F73A9F /* PrecipitationUnits.swift */; };
		5EF5454521BA6D3600F73A9F /* Precipitation.swift in Sources */ = {isa = PBXBuildFile; fileRef = 5EF5454421BA6D3600F73A9F /* Precipitation.swift */; };
		5EF5455121BA7B6600F73A9F /* CityDetailsViewController.swift in Sources */ = {isa = PBXBuildFile; fileRef = 5EF5455021BA7B6600F73A9F /* CityDetailsViewController.swift */; };
		5EF5455921BA9A0A00F73A9F /* ObservationTime.swift in Sources */ = {isa = PBXBuildFile; fileRef = 5EF5455821BA9A0A00F73A9F /* ObservationTime.swift */; };
		5EF5455B21BA9C0800F73A9F /* ExactIndex.swift in Sources */ = {isa = PBXBuildFile; fileRef = 5EF5455A21BA9C0800F73A9F /* ExactIndex.swift */; };
		5EF5455D21BA9C0F00F73A9F /* RangeIndex.swift in Sources */ = {isa = PBXBuildFile; fileRef = 5EF5455C21BA9C0F00F73A9F /* RangeIndex.swift */; };
		5EF5455F21BAAFB100F73A9F /* TemperatureRange.swift in Sources */ = {isa = PBXBuildFile; fileRef = 5EF5455E21BAAFB100F73A9F /* TemperatureRange.swift */; };
		5EF5456121BAAFD000F73A9F /* PrecipitationRange.swift in Sources */ = {isa = PBXBuildFile; fileRef = 5EF5456021BAAFD000F73A9F /* PrecipitationRange.swift */; };
		DEF6876DCC884CCD8DF11615 /* Pods_ClimaAppTests.framework in Frameworks */ = {isa = PBXBuildFile; fileRef = 739BB1559E93346130E55144 /* Pods_ClimaAppTests.framework */; };
/* End PBXBuildFile section */

/* Begin PBXContainerItemProxy section */
		5EF5450C21B979F500F73A9F /* PBXContainerItemProxy */ = {
			isa = PBXContainerItemProxy;
			containerPortal = 5EF544EF21B979F300F73A9F /* Project object */;
			proxyType = 1;
			remoteGlobalIDString = 5EF544F621B979F300F73A9F;
			remoteInfo = ClimaApp;
		};
/* End PBXContainerItemProxy section */

/* Begin PBXFileReference section */
		12E36593C513AB52920E7942 /* Pods-ClimaApp.release.xcconfig */ = {isa = PBXFileReference; includeInIndex = 1; lastKnownFileType = text.xcconfig; name = "Pods-ClimaApp.release.xcconfig"; path = "Pods/Target Support Files/Pods-ClimaApp/Pods-ClimaApp.release.xcconfig"; sourceTree = "<group>"; };
		55D3FEA246CD686C15C28611 /* Pods-ClimaAppTests.debug.xcconfig */ = {isa = PBXFileReference; includeInIndex = 1; lastKnownFileType = text.xcconfig; name = "Pods-ClimaAppTests.debug.xcconfig"; path = "Pods/Target Support Files/Pods-ClimaAppTests/Pods-ClimaAppTests.debug.xcconfig"; sourceTree = "<group>"; };
		5E09207B21BAC1120081CA3C /* ForecastTableViewController.swift */ = {isa = PBXFileReference; lastKnownFileType = sourcecode.swift; path = ForecastTableViewController.swift; sourceTree = "<group>"; };
		5E09207D21BAC3B00081CA3C /* ForecastTableViewCell.swift */ = {isa = PBXFileReference; lastKnownFileType = sourcecode.swift; path = ForecastTableViewCell.swift; sourceTree = "<group>"; };
		5E09207F21BB0F320081CA3C /* CitiesMapViewController.swift */ = {isa = PBXFileReference; lastKnownFileType = sourcecode.swift; path = CitiesMapViewController.swift; sourceTree = "<group>"; };
		5E09208221BB20A10081CA3C /* MapPin.swift */ = {isa = PBXFileReference; lastKnownFileType = sourcecode.swift; path = MapPin.swift; sourceTree = "<group>"; };
		5EF544F721B979F300F73A9F /* ClimaApp.app */ = {isa = PBXFileReference; explicitFileType = wrapper.application; includeInIndex = 0; path = ClimaApp.app; sourceTree = BUILT_PRODUCTS_DIR; };
		5EF544FA21B979F300F73A9F /* AppDelegate.swift */ = {isa = PBXFileReference; lastKnownFileType = sourcecode.swift; path = AppDelegate.swift; sourceTree = "<group>"; };
		5EF544FC21B979F300F73A9F /* CitiesSearchViewController.swift */ = {isa = PBXFileReference; lastKnownFileType = sourcecode.swift; path = CitiesSearchViewController.swift; sourceTree = "<group>"; };
		5EF544FF21B979F300F73A9F /* Base */ = {isa = PBXFileReference; lastKnownFileType = file.storyboard; name = Base; path = Base.lproj/Main.storyboard; sourceTree = "<group>"; };
		5EF5450121B979F500F73A9F /* Assets.xcassets */ = {isa = PBXFileReference; lastKnownFileType = folder.assetcatalog; path = Assets.xcassets; sourceTree = "<group>"; };
		5EF5450421B979F500F73A9F /* Base */ = {isa = PBXFileReference; lastKnownFileType = file.storyboard; name = Base; path = Base.lproj/LaunchScreen.storyboard; sourceTree = "<group>"; };
		5EF5450621B979F500F73A9F /* Info.plist */ = {isa = PBXFileReference; lastKnownFileType = text.plist.xml; path = Info.plist; sourceTree = "<group>"; };
		5EF5450B21B979F500F73A9F /* ClimaAppTests.xctest */ = {isa = PBXFileReference; explicitFileType = wrapper.cfbundle; includeInIndex = 0; path = ClimaAppTests.xctest; sourceTree = BUILT_PRODUCTS_DIR; };
		5EF5450F21B979F500F73A9F /* ClimaAppTests.swift */ = {isa = PBXFileReference; lastKnownFileType = sourcecode.swift; path = ClimaAppTests.swift; sourceTree = "<group>"; };
		5EF5451121B979F500F73A9F /* Info.plist */ = {isa = PBXFileReference; lastKnownFileType = text.plist.xml; path = Info.plist; sourceTree = "<group>"; };
		5EF5451D21B9888700F73A9F /* CitiesTableViewController.swift */ = {isa = PBXFileReference; lastKnownFileType = sourcecode.swift; path = CitiesTableViewController.swift; sourceTree = "<group>"; };
		5EF5451F21B9890E00F73A9F /* CityTableViewCell.swift */ = {isa = PBXFileReference; lastKnownFileType = sourcecode.swift; path = CityTableViewCell.swift; sourceTree = "<group>"; };
		5EF5452321B9AEAB00F73A9F /* ApiRequestExecuter.swift */ = {isa = PBXFileReference; lastKnownFileType = sourcecode.swift; path = ApiRequestExecuter.swift; sourceTree = "<group>"; };
		5EF5452921B9B28C00F73A9F /* CountriesSearchQueryBuilder.swift */ = {isa = PBXFileReference; lastKnownFileType = sourcecode.swift; path = CountriesSearchQueryBuilder.swift; sourceTree = "<group>"; };
		5EF5452B21B9B2A500F73A9F /* QueryBuilder.swift */ = {isa = PBXFileReference; lastKnownFileType = sourcecode.swift; path = QueryBuilder.swift; sourceTree = "<group>"; };
		5EF5452D21B9B48300F73A9F /* CountriesProvider.swift */ = {isa = PBXFileReference; lastKnownFileType = sourcecode.swift; path = CountriesProvider.swift; sourceTree = "<group>"; };
		5EF5453021B9B4D000F73A9F /* Country.swift */ = {isa = PBXFileReference; lastKnownFileType = sourcecode.swift; path = Country.swift; sourceTree = "<group>"; };
		5EF5453221B9B7B100F73A9F /* URLConverter.swift */ = {isa = PBXFileReference; lastKnownFileType = sourcecode.swift; path = URLConverter.swift; sourceTree = "<group>"; };
		5EF5453421B9B90100F73A9F /* CountriesSearchResultParser.swift */ = {isa = PBXFileReference; lastKnownFileType = sourcecode.swift; path = CountriesSearchResultParser.swift; sourceTree = "<group>"; };
		5EF5453621BA5F9100F73A9F /* ForecastProvider.swift */ = {isa = PBXFileReference; lastKnownFileType = sourcecode.swift; path = ForecastProvider.swift; sourceTree = "<group>"; };
		5EF5453821BA5FC100F73A9F /* ForecastRequestQueryBuilder.swift */ = {isa = PBXFileReference; lastKnownFileType = sourcecode.swift; path = ForecastRequestQueryBuilder.swift; sourceTree = "<group>"; };
		5EF5453A21BA6A9A00F73A9F /* TemperatureUnits.swift */ = {isa = PBXFileReference; lastKnownFileType = sourcecode.swift; path = TemperatureUnits.swift; sourceTree = "<group>"; };
		5EF5453E21BA6C1800F73A9F /* Temperature.swift */ = {isa = PBXFileReference; lastKnownFileType = sourcecode.swift; path = Temperature.swift; sourceTree = "<group>"; };
		5EF5454021BA6CA600F73A9F /* Forecast.swift */ = {isa = PBXFileReference; lastKnownFileType = sourcecode.swift; path = Forecast.swift; sourceTree = "<group>"; };
		5EF5454221BA6CF100F73A9F /* PrecipitationUnits.swift */ = {isa = PBXFileReference; lastKnownFileType = sourcecode.swift; path = PrecipitationUnits.swift; sourceTree = "<group>"; };
		5EF5454421BA6D3600F73A9F /* Precipitation.swift */ = {isa = PBXFileReference; lastKnownFileType = sourcecode.swift; path = Precipitation.swift; sourceTree = "<group>"; };
		5EF5455021BA7B6600F73A9F /* CityDetailsViewController.swift */ = {isa = PBXFileReference; lastKnownFileType = sourcecode.swift; path = CityDetailsViewController.swift; sourceTree = "<group>"; };
		5EF5455821BA9A0A00F73A9F /* ObservationTime.swift */ = {isa = PBXFileReference; lastKnownFileType = sourcecode.swift; path = ObservationTime.swift; sourceTree = "<group>"; };
		5EF5455A21BA9C0800F73A9F /* ExactIndex.swift */ = {isa = PBXFileReference; lastKnownFileType = sourcecode.swift; path = ExactIndex.swift; sourceTree = "<group>"; };
		5EF5455C21BA9C0F00F73A9F /* RangeIndex.swift */ = {isa = PBXFileReference; lastKnownFileType = sourcecode.swift; path = RangeIndex.swift; sourceTree = "<group>"; };
		5EF5455E21BAAFB100F73A9F /* TemperatureRange.swift */ = {isa = PBXFileReference; lastKnownFileType = sourcecode.swift; path = TemperatureRange.swift; sourceTree = "<group>"; };
		5EF5456021BAAFD000F73A9F /* PrecipitationRange.swift */ = {isa = PBXFileReference; lastKnownFileType = sourcecode.swift; path = PrecipitationRange.swift; sourceTree = "<group>"; };
		739BB1559E93346130E55144 /* Pods_ClimaAppTests.framework */ = {isa = PBXFileReference; explicitFileType = wrapper.framework; includeInIndex = 0; path = Pods_ClimaAppTests.framework; sourceTree = BUILT_PRODUCTS_DIR; };
		AF4DA1973013AEB3F5190AA5 /* Pods-ClimaApp.debug.xcconfig */ = {isa = PBXFileReference; includeInIndex = 1; lastKnownFileType = text.xcconfig; name = "Pods-ClimaApp.debug.xcconfig"; path = "Pods/Target Support Files/Pods-ClimaApp/Pods-ClimaApp.debug.xcconfig"; sourceTree = "<group>"; };
		BB12E90E4F19D878B7F47D49 /* Pods-ClimaAppTests.release.xcconfig */ = {isa = PBXFileReference; includeInIndex = 1; lastKnownFileType = text.xcconfig; name = "Pods-ClimaAppTests.release.xcconfig"; path = "Pods/Target Support Files/Pods-ClimaAppTests/Pods-ClimaAppTests.release.xcconfig"; sourceTree = "<group>"; };
		C3110F3BB718464C83FB1B2F /* Pods_ClimaApp.framework */ = {isa = PBXFileReference; explicitFileType = wrapper.framework; includeInIndex = 0; path = Pods_ClimaApp.framework; sourceTree = BUILT_PRODUCTS_DIR; };
/* End PBXFileReference section */

/* Begin PBXFrameworksBuildPhase section */
		5EF544F421B979F300F73A9F /* Frameworks */ = {
			isa = PBXFrameworksBuildPhase;
			buildActionMask = 2147483647;
			files = (
				263639D9BEB4893BEBEF6A8E /* Pods_ClimaApp.framework in Frameworks */,
			);
			runOnlyForDeploymentPostprocessing = 0;
		};
		5EF5450821B979F500F73A9F /* Frameworks */ = {
			isa = PBXFrameworksBuildPhase;
			buildActionMask = 2147483647;
			files = (
				DEF6876DCC884CCD8DF11615 /* Pods_ClimaAppTests.framework in Frameworks */,
			);
			runOnlyForDeploymentPostprocessing = 0;
		};
/* End PBXFrameworksBuildPhase section */

/* Begin PBXGroup section */
		5E09207921BAC0470081CA3C /* Cities */ = {
			isa = PBXGroup;
			children = (
				5EF544FC21B979F300F73A9F /* CitiesSearchViewController.swift */,
				5EF5451D21B9888700F73A9F /* CitiesTableViewController.swift */,
				5EF5451F21B9890E00F73A9F /* CityTableViewCell.swift */,
			);
			path = Cities;
			sourceTree = "<group>";
		};
		5E09207A21BAC0580081CA3C /* Forecast */ = {
			isa = PBXGroup;
			children = (
				5EF5455021BA7B6600F73A9F /* CityDetailsViewController.swift */,
				5E09207D21BAC3B00081CA3C /* ForecastTableViewCell.swift */,
				5E09207B21BAC1120081CA3C /* ForecastTableViewController.swift */,
			);
			path = Forecast;
			sourceTree = "<group>";
		};
		5E09208121BB0F440081CA3C /* Map */ = {
			isa = PBXGroup;
			children = (
				5E09207F21BB0F320081CA3C /* CitiesMapViewController.swift */,
				5E09208221BB20A10081CA3C /* MapPin.swift */,
			);
			path = Map;
			sourceTree = "<group>";
		};
		5EF544EE21B979F300F73A9F = {
			isa = PBXGroup;
			children = (
				5EF544F921B979F300F73A9F /* ClimaApp */,
				5EF5450E21B979F500F73A9F /* ClimaAppTests */,
				5EF544F821B979F300F73A9F /* Products */,
				690DAEDFD4643E09ECD259AB /* Pods */,
				936593327F48C0CD2E465C0E /* Frameworks */,
			);
			sourceTree = "<group>";
		};
		5EF544F821B979F300F73A9F /* Products */ = {
			isa = PBXGroup;
			children = (
				5EF544F721B979F300F73A9F /* ClimaApp.app */,
				5EF5450B21B979F500F73A9F /* ClimaAppTests.xctest */,
			);
			name = Products;
			sourceTree = "<group>";
		};
		5EF544F921B979F300F73A9F /* ClimaApp */ = {
			isa = PBXGroup;
			children = (
				5EF5452F21B9B4C100F73A9F /* Data */,
				5EF5452221B9A66400F73A9F /* API */,
				5EF5451A21B9859700F73A9F /* UI */,
				5EF544FA21B979F300F73A9F /* AppDelegate.swift */,
				5EF5450121B979F500F73A9F /* Assets.xcassets */,
				5EF5450621B979F500F73A9F /* Info.plist */,
			);
			path = ClimaApp;
			sourceTree = "<group>";
		};
		5EF5450E21B979F500F73A9F /* ClimaAppTests */ = {
			isa = PBXGroup;
			children = (
				5EF5450F21B979F500F73A9F /* ClimaAppTests.swift */,
				5EF5451121B979F500F73A9F /* Info.plist */,
			);
			path = ClimaAppTests;
			sourceTree = "<group>";
		};
		5EF5451A21B9859700F73A9F /* UI */ = {
			isa = PBXGroup;
			children = (
				5E09207921BAC0470081CA3C /* Cities */,
				5E09207A21BAC0580081CA3C /* Forecast */,
				5E09208121BB0F440081CA3C /* Map */,
				5EF544FE21B979F300F73A9F /* Main.storyboard */,
				5EF5450321B979F500F73A9F /* LaunchScreen.storyboard */,
			);
			path = UI;
			sourceTree = "<group>";
		};
		5EF5452221B9A66400F73A9F /* API */ = {
			isa = PBXGroup;
			children = (
				5EF5452821B9B26A00F73A9F /* ApiRequests */,
				5EF5452721B9B25A00F73A9F /* QueryBuilders */,
			);
			path = API;
			sourceTree = "<group>";
		};
		5EF5452721B9B25A00F73A9F /* QueryBuilders */ = {
			isa = PBXGroup;
			children = (
				5EF5452921B9B28C00F73A9F /* CountriesSearchQueryBuilder.swift */,
				5EF5453821BA5FC100F73A9F /* ForecastRequestQueryBuilder.swift */,
				5EF5452B21B9B2A500F73A9F /* QueryBuilder.swift */,
				5EF5453221B9B7B100F73A9F /* URLConverter.swift */,
			);
			path = QueryBuilders;
			sourceTree = "<group>";
		};
		5EF5452821B9B26A00F73A9F /* ApiRequests */ = {
			isa = PBXGroup;
			children = (
				5EF5452321B9AEAB00F73A9F /* ApiRequestExecuter.swift */,
				5EF5452D21B9B48300F73A9F /* CountriesProvider.swift */,
				5EF5453621BA5F9100F73A9F /* ForecastProvider.swift */,
			);
			path = ApiRequests;
			sourceTree = "<group>";
		};
		5EF5452F21B9B4C100F73A9F /* Data */ = {
			isa = PBXGroup;
			children = (
				5EF5453D21BA6BAF00F73A9F /* Models */,
				5EF5453C21BA6B6C00F73A9F /* Parsers */,
			);
			path = Data;
			sourceTree = "<group>";
		};
		5EF5453C21BA6B6C00F73A9F /* Parsers */ = {
			isa = PBXGroup;
			children = (
				5EF5453421B9B90100F73A9F /* CountriesSearchResultParser.swift */,
			);
			path = Parsers;
			sourceTree = "<group>";
		};
		5EF5453D21BA6BAF00F73A9F /* Models */ = {
			isa = PBXGroup;
			children = (
				5EF5454821BA723900F73A9F /* Weather */,
				5EF5453021B9B4D000F73A9F /* Country.swift */,
			);
			path = Models;
			sourceTree = "<group>";
		};
		5EF5454821BA723900F73A9F /* Weather */ = {
			isa = PBXGroup;
			children = (
				5EF5454021BA6CA600F73A9F /* Forecast.swift */,
				5EF5455821BA9A0A00F73A9F /* ObservationTime.swift */,
				5EF5454421BA6D3600F73A9F /* Precipitation.swift */,
				5EF5456021BAAFD000F73A9F /* PrecipitationRange.swift */,
				5EF5454221BA6CF100F73A9F /* PrecipitationUnits.swift */,
				5EF5453E21BA6C1800F73A9F /* Temperature.swift */,
				5EF5455E21BAAFB100F73A9F /* TemperatureRange.swift */,
				5EF5453A21BA6A9A00F73A9F /* TemperatureUnits.swift */,
				5EF5455A21BA9C0800F73A9F /* ExactIndex.swift */,
				5EF5455C21BA9C0F00F73A9F /* RangeIndex.swift */,
			);
			path = Weather;
			sourceTree = "<group>";
		};
		690DAEDFD4643E09ECD259AB /* Pods */ = {
			isa = PBXGroup;
			children = (
				AF4DA1973013AEB3F5190AA5 /* Pods-ClimaApp.debug.xcconfig */,
				12E36593C513AB52920E7942 /* Pods-ClimaApp.release.xcconfig */,
				55D3FEA246CD686C15C28611 /* Pods-ClimaAppTests.debug.xcconfig */,
				BB12E90E4F19D878B7F47D49 /* Pods-ClimaAppTests.release.xcconfig */,
			);
			name = Pods;
			sourceTree = "<group>";
		};
		936593327F48C0CD2E465C0E /* Frameworks */ = {
			isa = PBXGroup;
			children = (
				C3110F3BB718464C83FB1B2F /* Pods_ClimaApp.framework */,
				739BB1559E93346130E55144 /* Pods_ClimaAppTests.framework */,
			);
			name = Frameworks;
			sourceTree = "<group>";
		};
/* End PBXGroup section */

/* Begin PBXNativeTarget section */
		5EF544F621B979F300F73A9F /* ClimaApp */ = {
			isa = PBXNativeTarget;
			buildConfigurationList = 5EF5451421B979F500F73A9F /* Build configuration list for PBXNativeTarget "ClimaApp" */;
			buildPhases = (
				E7D03D5B64FC304E1CAC43AB /* [CP] Check Pods Manifest.lock */,
				5EF544F321B979F300F73A9F /* Sources */,
				5EF544F421B979F300F73A9F /* Frameworks */,
				5EF544F521B979F300F73A9F /* Resources */,
				367D86F1C066FE2ECC5561A8 /* [CP] Embed Pods Frameworks */,
			);
			buildRules = (
			);
			dependencies = (
			);
			name = ClimaApp;
			productName = ClimaApp;
			productReference = 5EF544F721B979F300F73A9F /* ClimaApp.app */;
			productType = "com.apple.product-type.application";
		};
		5EF5450A21B979F500F73A9F /* ClimaAppTests */ = {
			isa = PBXNativeTarget;
			buildConfigurationList = 5EF5451721B979F500F73A9F /* Build configuration list for PBXNativeTarget "ClimaAppTests" */;
			buildPhases = (
				5F84C685E9DD60C26655623E /* [CP] Check Pods Manifest.lock */,
				5EF5450721B979F500F73A9F /* Sources */,
				5EF5450821B979F500F73A9F /* Frameworks */,
				5EF5450921B979F500F73A9F /* Resources */,
			);
			buildRules = (
			);
			dependencies = (
				5EF5450D21B979F500F73A9F /* PBXTargetDependency */,
			);
			name = ClimaAppTests;
			productName = ClimaAppTests;
			productReference = 5EF5450B21B979F500F73A9F /* ClimaAppTests.xctest */;
			productType = "com.apple.product-type.bundle.unit-test";
		};
/* End PBXNativeTarget section */

/* Begin PBXProject section */
		5EF544EF21B979F300F73A9F /* Project object */ = {
			isa = PBXProject;
			attributes = {
				LastSwiftUpdateCheck = 1000;
				LastUpgradeCheck = 1000;
				ORGANIZATIONNAME = Rotem;
				TargetAttributes = {
					5EF544F621B979F300F73A9F = {
						CreatedOnToolsVersion = 10.0;
					};
					5EF5450A21B979F500F73A9F = {
						CreatedOnToolsVersion = 10.0;
						TestTargetID = 5EF544F621B979F300F73A9F;
					};
				};
			};
			buildConfigurationList = 5EF544F221B979F300F73A9F /* Build configuration list for PBXProject "ClimaApp" */;
			compatibilityVersion = "Xcode 9.3";
			developmentRegion = en;
			hasScannedForEncodings = 0;
			knownRegions = (
				en,
				Base,
			);
			mainGroup = 5EF544EE21B979F300F73A9F;
			productRefGroup = 5EF544F821B979F300F73A9F /* Products */;
			projectDirPath = "";
			projectRoot = "";
			targets = (
				5EF544F621B979F300F73A9F /* ClimaApp */,
				5EF5450A21B979F500F73A9F /* ClimaAppTests */,
			);
		};
/* End PBXProject section */

/* Begin PBXResourcesBuildPhase section */
		5EF544F521B979F300F73A9F /* Resources */ = {
			isa = PBXResourcesBuildPhase;
			buildActionMask = 2147483647;
			files = (
				5EF5450521B979F500F73A9F /* LaunchScreen.storyboard in Resources */,
				5EF5450221B979F500F73A9F /* Assets.xcassets in Resources */,
				5EF5450021B979F300F73A9F /* Main.storyboard in Resources */,
			);
			runOnlyForDeploymentPostprocessing = 0;
		};
		5EF5450921B979F500F73A9F /* Resources */ = {
			isa = PBXResourcesBuildPhase;
			buildActionMask = 2147483647;
			files = (
			);
			runOnlyForDeploymentPostprocessing = 0;
		};
/* End PBXResourcesBuildPhase section */

/* Begin PBXShellScriptBuildPhase section */
		367D86F1C066FE2ECC5561A8 /* [CP] Embed Pods Frameworks */ = {
			isa = PBXShellScriptBuildPhase;
			buildActionMask = 2147483647;
			files = (
			);
			inputPaths = (
				"${SRCROOT}/Pods/Target Support Files/Pods-ClimaApp/Pods-ClimaApp-frameworks.sh",
				"${BUILT_PRODUCTS_DIR}/Alamofire/Alamofire.framework",
			);
			name = "[CP] Embed Pods Frameworks";
			outputPaths = (
				"${TARGET_BUILD_DIR}/${FRAMEWORKS_FOLDER_PATH}/Alamofire.framework",
			);
			runOnlyForDeploymentPostprocessing = 0;
			shellPath = /bin/sh;
			shellScript = "\"${SRCROOT}/Pods/Target Support Files/Pods-ClimaApp/Pods-ClimaApp-frameworks.sh\"\n";
			showEnvVarsInLog = 0;
		};
		5F84C685E9DD60C26655623E /* [CP] Check Pods Manifest.lock */ = {
			isa = PBXShellScriptBuildPhase;
			buildActionMask = 2147483647;
			files = (
			);
			inputPaths = (
				"${PODS_PODFILE_DIR_PATH}/Podfile.lock",
				"${PODS_ROOT}/Manifest.lock",
			);
			name = "[CP] Check Pods Manifest.lock";
			outputPaths = (
				"$(DERIVED_FILE_DIR)/Pods-ClimaAppTests-checkManifestLockResult.txt",
			);
			runOnlyForDeploymentPostprocessing = 0;
			shellPath = /bin/sh;
			shellScript = "diff \"${PODS_PODFILE_DIR_PATH}/Podfile.lock\" \"${PODS_ROOT}/Manifest.lock\" > /dev/null\nif [ $? != 0 ] ; then\n    # print error to STDERR\n    echo \"error: The sandbox is not in sync with the Podfile.lock. Run 'pod install' or update your CocoaPods installation.\" >&2\n    exit 1\nfi\n# This output is used by Xcode 'outputs' to avoid re-running this script phase.\necho \"SUCCESS\" > \"${SCRIPT_OUTPUT_FILE_0}\"\n";
			showEnvVarsInLog = 0;
		};
		E7D03D5B64FC304E1CAC43AB /* [CP] Check Pods Manifest.lock */ = {
			isa = PBXShellScriptBuildPhase;
			buildActionMask = 2147483647;
			files = (
			);
			inputPaths = (
				"${PODS_PODFILE_DIR_PATH}/Podfile.lock",
				"${PODS_ROOT}/Manifest.lock",
			);
			name = "[CP] Check Pods Manifest.lock";
			outputPaths = (
				"$(DERIVED_FILE_DIR)/Pods-ClimaApp-checkManifestLockResult.txt",
			);
			runOnlyForDeploymentPostprocessing = 0;
			shellPath = /bin/sh;
			shellScript = "diff \"${PODS_PODFILE_DIR_PATH}/Podfile.lock\" \"${PODS_ROOT}/Manifest.lock\" > /dev/null\nif [ $? != 0 ] ; then\n    # print error to STDERR\n    echo \"error: The sandbox is not in sync with the Podfile.lock. Run 'pod install' or update your CocoaPods installation.\" >&2\n    exit 1\nfi\n# This output is used by Xcode 'outputs' to avoid re-running this script phase.\necho \"SUCCESS\" > \"${SCRIPT_OUTPUT_FILE_0}\"\n";
			showEnvVarsInLog = 0;
		};
/* End PBXShellScriptBuildPhase section */

/* Begin PBXSourcesBuildPhase section */
		5EF544F321B979F300F73A9F /* Sources */ = {
			isa = PBXSourcesBuildPhase;
			buildActionMask = 2147483647;
			files = (
				5EF5454121BA6CA600F73A9F /* Forecast.swift in Sources */,
				5EF5453521B9B90100F73A9F /* CountriesSearchResultParser.swift in Sources */,
				5EF5452A21B9B28C00F73A9F /* CountriesSearchQueryBuilder.swift in Sources */,
				5EF5455121BA7B6600F73A9F /* CityDetailsViewController.swift in Sources */,
				5EF5455D21BA9C0F00F73A9F /* RangeIndex.swift in Sources */,
				5EF544FD21B979F300F73A9F /* CitiesSearchViewController.swift in Sources */,
				5E09207E21BAC3B00081CA3C /* ForecastTableViewCell.swift in Sources */,
				5EF5452C21B9B2A500F73A9F /* QueryBuilder.swift in Sources */,
				5EF5453B21BA6A9A00F73A9F /* TemperatureUnits.swift in Sources */,
				5E09208021BB0F320081CA3C /* CitiesMapViewController.swift in Sources */,
				5EF5452E21B9B48300F73A9F /* CountriesProvider.swift in Sources */,
				5EF5453321B9B7B100F73A9F /* URLConverter.swift in Sources */,
				5EF5454321BA6CF100F73A9F /* PrecipitationUnits.swift in Sources */,
				5EF5452421B9AEAB00F73A9F /* ApiRequestExecuter.swift in Sources */,
				5EF5453F21BA6C1800F73A9F /* Temperature.swift in Sources */,
				5EF5454521BA6D3600F73A9F /* Precipitation.swift in Sources */,
				5E09208321BB20A10081CA3C /* MapPin.swift in Sources */,
				5EF5456121BAAFD000F73A9F /* PrecipitationRange.swift in Sources */,
				5EF5453121B9B4D000F73A9F /* Country.swift in Sources */,
				5EF5453721BA5F9100F73A9F /* ForecastProvider.swift in Sources */,
				5EF544FB21B979F300F73A9F /* AppDelegate.swift in Sources */,
				5EF5452021B9890E00F73A9F /* CityTableViewCell.swift in Sources */,
				5EF5455921BA9A0A00F73A9F /* ObservationTime.swift in Sources */,
				5EF5455B21BA9C0800F73A9F /* ExactIndex.swift in Sources */,
				5EF5455F21BAAFB100F73A9F /* TemperatureRange.swift in Sources */,
				5EF5453921BA5FC100F73A9F /* ForecastRequestQueryBuilder.swift in Sources */,
				5EF5451E21B9888700F73A9F /* CitiesTableViewController.swift in Sources */,
				5E09207C21BAC1120081CA3C /* ForecastTableViewController.swift in Sources */,
			);
			runOnlyForDeploymentPostprocessing = 0;
		};
		5EF5450721B979F500F73A9F /* Sources */ = {
			isa = PBXSourcesBuildPhase;
			buildActionMask = 2147483647;
			files = (
				5EF5451021B979F500F73A9F /* ClimaAppTests.swift in Sources */,
			);
			runOnlyForDeploymentPostprocessing = 0;
		};
/* End PBXSourcesBuildPhase section */

/* Begin PBXTargetDependency section */
		5EF5450D21B979F500F73A9F /* PBXTargetDependency */ = {
			isa = PBXTargetDependency;
			target = 5EF544F621B979F300F73A9F /* ClimaApp */;
			targetProxy = 5EF5450C21B979F500F73A9F /* PBXContainerItemProxy */;
		};
/* End PBXTargetDependency section */

/* Begin PBXVariantGroup section */
		5EF544FE21B979F300F73A9F /* Main.storyboard */ = {
			isa = PBXVariantGroup;
			children = (
				5EF544FF21B979F300F73A9F /* Base */,
			);
			name = Main.storyboard;
			sourceTree = "<group>";
		};
		5EF5450321B979F500F73A9F /* LaunchScreen.storyboard */ = {
			isa = PBXVariantGroup;
			children = (
				5EF5450421B979F500F73A9F /* Base */,
			);
			name = LaunchScreen.storyboard;
			sourceTree = "<group>";
		};
/* End PBXVariantGroup section */

/* Begin XCBuildConfiguration section */
		5EF5451221B979F500F73A9F /* Debug */ = {
			isa = XCBuildConfiguration;
			buildSettings = {
				ALWAYS_SEARCH_USER_PATHS = NO;
				CLANG_ANALYZER_NONNULL = YES;
				CLANG_ANALYZER_NUMBER_OBJECT_CONVERSION = YES_AGGRESSIVE;
				CLANG_CXX_LANGUAGE_STANDARD = "gnu++14";
				CLANG_CXX_LIBRARY = "libc++";
				CLANG_ENABLE_MODULES = YES;
				CLANG_ENABLE_OBJC_ARC = YES;
				CLANG_ENABLE_OBJC_WEAK = YES;
				CLANG_WARN_BLOCK_CAPTURE_AUTORELEASING = YES;
				CLANG_WARN_BOOL_CONVERSION = YES;
				CLANG_WARN_COMMA = YES;
				CLANG_WARN_CONSTANT_CONVERSION = YES;
				CLANG_WARN_DEPRECATED_OBJC_IMPLEMENTATIONS = YES;
				CLANG_WARN_DIRECT_OBJC_ISA_USAGE = YES_ERROR;
				CLANG_WARN_DOCUMENTATION_COMMENTS = YES;
				CLANG_WARN_EMPTY_BODY = YES;
				CLANG_WARN_ENUM_CONVERSION = YES;
				CLANG_WARN_INFINITE_RECURSION = YES;
				CLANG_WARN_INT_CONVERSION = YES;
				CLANG_WARN_NON_LITERAL_NULL_CONVERSION = YES;
				CLANG_WARN_OBJC_IMPLICIT_RETAIN_SELF = YES;
				CLANG_WARN_OBJC_LITERAL_CONVERSION = YES;
				CLANG_WARN_OBJC_ROOT_CLASS = YES_ERROR;
				CLANG_WARN_RANGE_LOOP_ANALYSIS = YES;
				CLANG_WARN_STRICT_PROTOTYPES = YES;
				CLANG_WARN_SUSPICIOUS_MOVE = YES;
				CLANG_WARN_UNGUARDED_AVAILABILITY = YES_AGGRESSIVE;
				CLANG_WARN_UNREACHABLE_CODE = YES;
				CLANG_WARN__DUPLICATE_METHOD_MATCH = YES;
				CODE_SIGN_IDENTITY = "iPhone Developer";
				COPY_PHASE_STRIP = NO;
				DEBUG_INFORMATION_FORMAT = dwarf;
				ENABLE_STRICT_OBJC_MSGSEND = YES;
				ENABLE_TESTABILITY = YES;
				GCC_C_LANGUAGE_STANDARD = gnu11;
				GCC_DYNAMIC_NO_PIC = NO;
				GCC_NO_COMMON_BLOCKS = YES;
				GCC_OPTIMIZATION_LEVEL = 0;
				GCC_PREPROCESSOR_DEFINITIONS = (
					"DEBUG=1",
					"$(inherited)",
				);
				GCC_WARN_64_TO_32_BIT_CONVERSION = YES;
				GCC_WARN_ABOUT_RETURN_TYPE = YES_ERROR;
				GCC_WARN_UNDECLARED_SELECTOR = YES;
				GCC_WARN_UNINITIALIZED_AUTOS = YES_AGGRESSIVE;
				GCC_WARN_UNUSED_FUNCTION = YES;
				GCC_WARN_UNUSED_VARIABLE = YES;
				IPHONEOS_DEPLOYMENT_TARGET = 12.0;
				MTL_ENABLE_DEBUG_INFO = INCLUDE_SOURCE;
				MTL_FAST_MATH = YES;
				ONLY_ACTIVE_ARCH = YES;
				SDKROOT = iphoneos;
				SWIFT_ACTIVE_COMPILATION_CONDITIONS = DEBUG;
				SWIFT_OPTIMIZATION_LEVEL = "-Onone";
			};
			name = Debug;
		};
		5EF5451321B979F500F73A9F /* Release */ = {
			isa = XCBuildConfiguration;
			buildSettings = {
				ALWAYS_SEARCH_USER_PATHS = NO;
				CLANG_ANALYZER_NONNULL = YES;
				CLANG_ANALYZER_NUMBER_OBJECT_CONVERSION = YES_AGGRESSIVE;
				CLANG_CXX_LANGUAGE_STANDARD = "gnu++14";
				CLANG_CXX_LIBRARY = "libc++";
				CLANG_ENABLE_MODULES = YES;
				CLANG_ENABLE_OBJC_ARC = YES;
				CLANG_ENABLE_OBJC_WEAK = YES;
				CLANG_WARN_BLOCK_CAPTURE_AUTORELEASING = YES;
				CLANG_WARN_BOOL_CONVERSION = YES;
				CLANG_WARN_COMMA = YES;
				CLANG_WARN_CONSTANT_CONVERSION = YES;
				CLANG_WARN_DEPRECATED_OBJC_IMPLEMENTATIONS = YES;
				CLANG_WARN_DIRECT_OBJC_ISA_USAGE = YES_ERROR;
				CLANG_WARN_DOCUMENTATION_COMMENTS = YES;
				CLANG_WARN_EMPTY_BODY = YES;
				CLANG_WARN_ENUM_CONVERSION = YES;
				CLANG_WARN_INFINITE_RECURSION = YES;
				CLANG_WARN_INT_CONVERSION = YES;
				CLANG_WARN_NON_LITERAL_NULL_CONVERSION = YES;
				CLANG_WARN_OBJC_IMPLICIT_RETAIN_SELF = YES;
				CLANG_WARN_OBJC_LITERAL_CONVERSION = YES;
				CLANG_WARN_OBJC_ROOT_CLASS = YES_ERROR;
				CLANG_WARN_RANGE_LOOP_ANALYSIS = YES;
				CLANG_WARN_STRICT_PROTOTYPES = YES;
				CLANG_WARN_SUSPICIOUS_MOVE = YES;
				CLANG_WARN_UNGUARDED_AVAILABILITY = YES_AGGRESSIVE;
				CLANG_WARN_UNREACHABLE_CODE = YES;
				CLANG_WARN__DUPLICATE_METHOD_MATCH = YES;
				CODE_SIGN_IDENTITY = "iPhone Developer";
				COPY_PHASE_STRIP = NO;
				DEBUG_INFORMATION_FORMAT = "dwarf-with-dsym";
				ENABLE_NS_ASSERTIONS = NO;
				ENABLE_STRICT_OBJC_MSGSEND = YES;
				GCC_C_LANGUAGE_STANDARD = gnu11;
				GCC_NO_COMMON_BLOCKS = YES;
				GCC_WARN_64_TO_32_BIT_CONVERSION = YES;
				GCC_WARN_ABOUT_RETURN_TYPE = YES_ERROR;
				GCC_WARN_UNDECLARED_SELECTOR = YES;
				GCC_WARN_UNINITIALIZED_AUTOS = YES_AGGRESSIVE;
				GCC_WARN_UNUSED_FUNCTION = YES;
				GCC_WARN_UNUSED_VARIABLE = YES;
				IPHONEOS_DEPLOYMENT_TARGET = 12.0;
				MTL_ENABLE_DEBUG_INFO = NO;
				MTL_FAST_MATH = YES;
				SDKROOT = iphoneos;
				SWIFT_COMPILATION_MODE = wholemodule;
				SWIFT_OPTIMIZATION_LEVEL = "-O";
				VALIDATE_PRODUCT = YES;
			};
			name = Release;
		};
		5EF5451521B979F500F73A9F /* Debug */ = {
			isa = XCBuildConfiguration;
			baseConfigurationReference = AF4DA1973013AEB3F5190AA5 /* Pods-ClimaApp.debug.xcconfig */;
			buildSettings = {
				ASSETCATALOG_COMPILER_APPICON_NAME = AppIcon;
				CODE_SIGN_STYLE = Automatic;
				DEVELOPMENT_TEAM = 7YVEXJWC56;
				INFOPLIST_FILE = ClimaApp/Info.plist;
				LD_RUNPATH_SEARCH_PATHS = (
					"$(inherited)",
					"@executable_path/Frameworks",
				);
				PRODUCT_BUNDLE_IDENTIFIER = com.interview.ClimaApp;
				PRODUCT_NAME = "$(TARGET_NAME)";
				SWIFT_VERSION = 4.2;
				TARGETED_DEVICE_FAMILY = "1,2";
			};
			name = Debug;
		};
		5EF5451621B979F500F73A9F /* Release */ = {
			isa = XCBuildConfiguration;
			baseConfigurationReference = 12E36593C513AB52920E7942 /* Pods-ClimaApp.release.xcconfig */;
			buildSettings = {
				ASSETCATALOG_COMPILER_APPICON_NAME = AppIcon;
				CODE_SIGN_STYLE = Automatic;
				DEVELOPMENT_TEAM = 7YVEXJWC56;
				INFOPLIST_FILE = ClimaApp/Info.plist;
				LD_RUNPATH_SEARCH_PATHS = (
					"$(inherited)",
					"@executable_path/Frameworks",
				);
				PRODUCT_BUNDLE_IDENTIFIER = com.interview.ClimaApp;
				PRODUCT_NAME = "$(TARGET_NAME)";
				SWIFT_VERSION = 4.2;
				TARGETED_DEVICE_FAMILY = "1,2";
			};
			name = Release;
		};
		5EF5451821B979F500F73A9F /* Debug */ = {
			isa = XCBuildConfiguration;
			baseConfigurationReference = 55D3FEA246CD686C15C28611 /* Pods-ClimaAppTests.debug.xcconfig */;
			buildSettings = {
				ALWAYS_EMBED_SWIFT_STANDARD_LIBRARIES = YES;
				BUNDLE_LOADER = "$(TEST_HOST)";
				CODE_SIGN_STYLE = Automatic;
				DEVELOPMENT_TEAM = 7YVEXJWC56;
				INFOPLIST_FILE = ClimaAppTests/Info.plist;
				LD_RUNPATH_SEARCH_PATHS = (
					"$(inherited)",
					"@executable_path/Frameworks",
					"@loader_path/Frameworks",
				);
				PRODUCT_BUNDLE_IDENTIFIER = com.interview.ClimaAppTests;
				PRODUCT_NAME = "$(TARGET_NAME)";
				SWIFT_VERSION = 4.2;
				TARGETED_DEVICE_FAMILY = "1,2";
				TEST_HOST = "$(BUILT_PRODUCTS_DIR)/ClimaApp.app/ClimaApp";
			};
			name = Debug;
		};
		5EF5451921B979F500F73A9F /* Release */ = {
			isa = XCBuildConfiguration;
			baseConfigurationReference = BB12E90E4F19D878B7F47D49 /* Pods-ClimaAppTests.release.xcconfig */;
			buildSettings = {
				ALWAYS_EMBED_SWIFT_STANDARD_LIBRARIES = YES;
				BUNDLE_LOADER = "$(TEST_HOST)";
				CODE_SIGN_STYLE = Automatic;
				DEVELOPMENT_TEAM = 7YVEXJWC56;
				INFOPLIST_FILE = ClimaAppTests/Info.plist;
				LD_RUNPATH_SEARCH_PATHS = (
					"$(inherited)",
					"@executable_path/Frameworks",
					"@loader_path/Frameworks",
				);
				PRODUCT_BUNDLE_IDENTIFIER = com.interview.ClimaAppTests;
				PRODUCT_NAME = "$(TARGET_NAME)";
				SWIFT_VERSION = 4.2;
				TARGETED_DEVICE_FAMILY = "1,2";
				TEST_HOST = "$(BUILT_PRODUCTS_DIR)/ClimaApp.app/ClimaApp";
			};
			name = Release;
		};
/* End XCBuildConfiguration section */

/* Begin XCConfigurationList section */
		5EF544F221B979F300F73A9F /* Build configuration list for PBXProject "ClimaApp" */ = {
			isa = XCConfigurationList;
			buildConfigurations = (
				5EF5451221B979F500F73A9F /* Debug */,
				5EF5451321B979F500F73A9F /* Release */,
			);
			defaultConfigurationIsVisible = 0;
			defaultConfigurationName = Release;
		};
		5EF5451421B979F500F73A9F /* Build configuration list for PBXNativeTarget "ClimaApp" */ = {
			isa = XCConfigurationList;
			buildConfigurations = (
				5EF5451521B979F500F73A9F /* Debug */,
				5EF5451621B979F500F73A9F /* Release */,
			);
			defaultConfigurationIsVisible = 0;
			defaultConfigurationName = Release;
		};
		5EF5451721B979F500F73A9F /* Build configuration list for PBXNativeTarget "ClimaAppTests" */ = {
			isa = XCConfigurationList;
			buildConfigurations = (
				5EF5451821B979F500F73A9F /* Debug */,
				5EF5451921B979F500F73A9F /* Release */,
			);
			defaultConfigurationIsVisible = 0;
			defaultConfigurationName = Release;
		};
/* End XCConfigurationList section */
	};
	rootObject = 5EF544EF21B979F300F73A9F /* Project object */;
}
